
Microsoft Visual Studio Solution File, Format Version 12.00
# Visual Studio Version 16
VisualStudioVersion = 16.0.30517.126
MinimumVisualStudioVersion = 10.0.40219.1
Project("{FAE04EC0-301F-11D3-BF4B-00C04F79EFBC}") = "AddressBookLinq", "AddressBookLinq\AddressBookLinq.csproj", "{98D1D938-608C-4727-BBB0-06D40F64F306}"
EndProject
Global
	GlobalSection(SolutionConfigurationPlatforms) = preSolution
		Debug|Any CPU = Debug|Any CPU
		Release|Any CPU = Release|Any CPU
	EndGlobalSection
	GlobalSection(ProjectConfigurationPlatforms) = postSolution
		{98D1D938-608C-4727-BBB0-06D40F64F306}.Debug|Any CPU.ActiveCfg = Debug|Any CPU
		{98D1D938-608C-4727-BBB0-06D40F64F306}.Debug|Any CPU.Build.0 = Debug|Any CPU
		{98D1D938-608C-4727-BBB0-06D40F64F306}.Release|Any CPU.ActiveCfg = Release|Any CPU
		{98D1D938-608C-4727-BBB0-06D40F64F306}.Release|Any CPU.Build.0 = Release|Any CPU
	EndGlobalSection
	GlobalSection(SolutionProperties) = preSolution
		HideSolutionNode = FALSE
	EndGlobalSection
	GlobalSection(ExtensibilityGlobals) = postSolution
		SolutionGuid = {8BD8B3B3-D7DE-483D-8ADC-E0A4BBA2B4D4}
	EndGlobalSection
EndGlobal
